<?xml version="1.0" encoding="utf-8"?>
<Project ToolsVersion="4.0" xmlns="http://schemas.microsoft.com/developer/msbuild/2003">
  <ItemGroup>
    <Filter Include="Main">
      <UniqueIdentifier>{a2fb170c-d06b-4657-861e-9dcd15d3bb61}</UniqueIdentifier>
    </Filter>
    <Filter Include="Constant">
      <UniqueIdentifier>{5d940dff-9bc6-478f-9183-03fc1e9e0d86}</UniqueIdentifier>
    </Filter>
    <Filter Include="Camera">
      <UniqueIdentifier>{e62b9dce-42f6-4c18-84d2-7e1ee1fe88d5}</UniqueIdentifier>
    </Filter>
    <Filter Include="MainScene">
      <UniqueIdentifier>{85d41ebb-5859-457f-b506-4f564a06d63b}</UniqueIdentifier>
    </Filter>
  </ItemGroup>
  <ItemGroup>
    <ClCompile Include="Main.cpp">
      <Filter>Main</Filter>
    </ClCompile>
    <ClCompile Include="Camera\Camera.cpp">
      <Filter>Camera</Filter>
    </ClCompile>
    <ClCompile Include="MainScene\MainScne.cpp">
      <Filter>MainScene</Filter>
    </ClCompile>
  </ItemGroup>
  <ItemGroup>
    <ClInclude Include="Constant\ConstantValue.h">
      <Filter>Constant</Filter>
    </ClInclude>
    <ClInclude Include="Camera\Camera.h">
      <Filter>Camera</Filter>
    </ClInclude>
    <ClInclude Include="MainScene\MainScene.h">
      <Filter>MainScene</Filter>
    </ClInclude>
  </ItemGroup>
</Project>